// !$*UTF8*$!
{
	archiveVersion = 1;
	classes = {
	};
	objectVersion = 46;
	objects = {

/* Begin PBXBuildFile section */
		CA3AF42B1E6B0B82009183A1 /* AppDelegate.swift in Sources */ = {isa = PBXBuildFile; fileRef = CA3AF42A1E6B0B82009183A1 /* AppDelegate.swift */; };
		CA3AF42D1E6B0B82009183A1 /* ViewController.swift in Sources */ = {isa = PBXBuildFile; fileRef = CA3AF42C1E6B0B82009183A1 /* ViewController.swift */; };
		CA3AF4301E6B0B82009183A1 /* Main.storyboard in Resources */ = {isa = PBXBuildFile; fileRef = CA3AF42E1E6B0B82009183A1 /* Main.storyboard */; };
		CA3AF4321E6B0B82009183A1 /* Assets.xcassets in Resources */ = {isa = PBXBuildFile; fileRef = CA3AF4311E6B0B82009183A1 /* Assets.xcassets */; };
		CA3AF4351E6B0B82009183A1 /* LaunchScreen.storyboard in Resources */ = {isa = PBXBuildFile; fileRef = CA3AF4331E6B0B82009183A1 /* LaunchScreen.storyboard */; };
/* End PBXBuildFile section */

/* Begin PBXFileReference section */
		CA3AF4271E6B0B82009183A1 /* swift.app */ = {isa = PBXFileReference; explicitFileType = wrapper.application; includeInIndex = 0; path = swift.app; sourceTree = BUILT_PRODUCTS_DIR; };
		CA3AF42A1E6B0B82009183A1 /* AppDelegate.swift */ = {isa = PBXFileReference; lastKnownFileType = sourcecode.swift; path = AppDelegate.swift; sourceTree = "<group>"; };
		CA3AF42C1E6B0B82009183A1 /* ViewController.swift */ = {isa = PBXFileReference; lastKnownFileType = sourcecode.swift; path = ViewController.swift; sourceTree = "<group>"; };
		CA3AF42F1E6B0B82009183A1 /* Base */ = {isa = PBXFileReference; lastKnownFileType = file.storyboard; name = Base; path = Base.lproj/Main.storyboard; sourceTree = "<group>"; };
		CA3AF4311E6B0B82009183A1 /* Assets.xcassets */ = {isa = PBXFileReference; lastKnownFileType = folder.assetcatalog; path = Assets.xcassets; sourceTree = "<group>"; };
		CA3AF4341E6B0B82009183A1 /* Base */ = {isa = PBXFileReference; lastKnownFileType = file.storyboard; name = Base; path = Base.lproj/LaunchScreen.storyboard; sourceTree = "<group>"; };
		CA3AF4361E6B0B82009183A1 /* Info.plist */ = {isa = PBXFileReference; lastKnownFileType = text.plist.xml; path = Info.plist; sourceTree = "<group>"; };
/* End PBXFileReference section */

/* Begin PBXFrameworksBuildPhase section */
		CA3AF4241E6B0B82009183A1 /* Frameworks */ = {
			isa = PBXFrameworksBuildPhase;
			buildActionMask = 2147483647;
			files = (
			);
			runOnlyForDeploymentPostprocessing = 0;
		};
/* End PBXFrameworksBuildPhase section */

/* Begin PBXGroup section */
		CA3AF41E1E6B0B81009183A1 = {
			isa = PBXGroup;
			children = (
				CA3AF4291E6B0B82009183A1 /* swift */,
				CA3AF4281E6B0B82009183A1 /* Products */,
			);
			sourceTree = "<group>";
		};
		CA3AF4281E6B0B82009183A1 /* Products */ = {
			isa = PBXGroup;
			children = (
				CA3AF4271E6B0B82009183A1 /* swift.app */,
			);
			name = Products;
			sourceTree = "<group>";
		};
		CA3AF4291E6B0B82009183A1 /* swift */ = {
			isa = PBXGroup;
			children = (
				CA3AF42A1E6B0B82009183A1 /* AppDelegate.swift */,
				CA3AF42C1E6B0B82009183A1 /* ViewController.swift */,
				CA3AF42E1E6B0B82009183A1 /* Main.storyboard */,
				CA3AF4311E6B0B82009183A1 /* Assets.xcassets */,
				CA3AF4331E6B0B82009183A1 /* LaunchScreen.storyboard */,
				CA3AF4361E6B0B82009183A1 /* Info.plist */,
			);
			path = swift;
			sourceTree = "<group>";
		};
/* End PBXGroup section */

/* Begin PBXNativeTarget section */
		CA3AF4261E6B0B82009183A1 /* swift */ = {
			isa = PBXNativeTarget;
			buildConfigurationList = CA3AF4391E6B0B82009183A1 /* Build configuration list for PBXNativeTarget "swift" */;
			buildPhases = (
				CA3AF4231E6B0B82009183A1 /* Sources */,
				CA3AF4241E6B0B82009183A1 /* Frameworks */,
				CA3AF4251E6B0B82009183A1 /* Resources */,
			);
			buildRules = (
			);
			dependencies = (
			);
			name = swift;
			productName = swift;
			productReference = CA3AF4271E6B0B82009183A1 /* swift.app */;
			productType = "com.apple.product-type.application";
		};
/* End PBXNativeTarget section */

/* Begin PBXProject section */
		CA3AF41F1E6B0B81009183A1 /* Project object */ = {
			isa = PBXProject;
			attributes = {
				LastSwiftUpdateCheck = 0710;
				LastUpgradeCheck = 0710;
				ORGANIZATIONNAME = Yousef;
				TargetAttributes = {
					CA3AF4261E6B0B82009183A1 = {
						CreatedOnToolsVersion = 7.1.1;
					};
				};
			};
			buildConfigurationList = CA3AF4221E6B0B82009183A1 /* Build configuration list for PBXProject "swift" */;
			compatibilityVersion = "Xcode 3.2";
			developmentRegion = English;
			hasScannedForEncodings = 0;
			knownRegions = (
				en,
				Base,
			);
			mainGroup = CA3AF41E1E6B0B81009183A1;
			productRefGroup = CA3AF4281E6B0B82009183A1 /* Products */;
			projectDirPath = "";
			projectRoot = "";
			targets = (
				CA3AF4261E6B0B82009183A1 /* swift */,
			);
		};
/* End PBXProject section */

/* Begin PBXResourcesBuildPhase section */
		CA3AF4251E6B0B82009183A1 /* Resources */ = {
			isa = PBXResourcesBuildPhase;
			buildActionMask = 2147483647;
			files = (
				CA3AF4351E6B0B82009183A1 /* LaunchScreen.storyboard in Resources */,
				CA3AF4321E6B0B82009183A1 /* Assets.xcassets in Resources */,
				CA3AF4301E6B0B82009183A1 /* Main.storyboard in Resources */,
			);
			runOnlyForDeploymentPostprocessing = 0;
		};
/* End PBXResourcesBuildPhase section */

/* Begin PBXSourcesBuildPhase section */
		CA3AF4231E6B0B82009183A1 /* Sources */ = {
			isa = PBXSourcesBuildPhase;
			buildActionMask = 2147483647;
			files = (
				CA3AF42D1E6B0B82009183A1 /* ViewController.swift in Sources */,
				CA3AF42B1E6B0B82009183A1 /* AppDelegate.swift in Sources */,
			);
			runOnlyForDeploymentPostprocessing = 0;
		};
/* End PBXSourcesBuildPhase section */

/* Begin PBXVariantGroup section */
		CA3AF42E1E6B0B82009183A1 /* Main.storyboard */ = {
			isa = PBXVariantGroup;
			children = (
				CA3AF42F1E6B0B82009183A1 /* Base */,
			);
			name = Main.storyboard;
			sourceTree = "<group>";
		};
		CA3AF4331E6B0B82009183A1 /* LaunchScreen.storyboard */ = {
			isa = PBXVariantGroup;
			children = (
				CA3AF4341E6B0B82009183A1 /* Base */,
			);
			name = LaunchScreen.storyboard;
			sourceTree = "<group>";
		};
/* End PBXVariantGroup section */

/* Begin XCBuildConfiguration section */
		CA3AF4371E6B0B82009183A1 /* Debug */ = {
			isa = XCBuildConfiguration;
			buildSettings = {
				ALWAYS_SEARCH_USER_PATHS = NO;
				CLANG_CXX_LANGUAGE_STANDARD = "gnu++0x";
				CLANG_CXX_LIBRARY = "libc++";
				CLANG_ENABLE_MODULES = YES;
				CLANG_ENABLE_OBJC_ARC = YES;
				CLANG_WARN_BOOL_CONVERSION = YES;
				CLANG_WARN_CONSTANT_CONVERSION = YES;
				CLANG_WARN_DIRECT_OBJC_ISA_USAGE = YES_ERROR;
				CLANG_WARN_EMPTY_BODY = YES;
				CLANG_WARN_ENUM_CONVERSION = YES;
				CLANG_WARN_INT_CONVERSION = YES;
				CLANG_WARN_OBJC_ROOT_CLASS = YES_ERROR;
				CLANG_WARN_UNREACHABLE_CODE = YES;
				CLANG_WARN__DUPLICATE_METHOD_MATCH = YES;
				"CODE_SIGN_IDENTITY[sdk=iphoneos*]" = "iPhone Developer";
				COPY_PHASE_STRIP = NO;
				DEBUG_INFORMATION_FORMAT = dwarf;
				ENABLE_STRICT_OBJC_MSGSEND = YES;
				ENABLE_TESTABILITY = YES;
				GCC_C_LANGUAGE_STANDARD = gnu99;
				GCC_DYNAMIC_NO_PIC = NO;
				GCC_NO_COMMON_BLOCKS = YES;
				GCC_OPTIMIZATION_LEVEL = 0;
				GCC_PREPROCESSOR_DEFINITIONS = (
					"DEBUG=1",
					"$(inherited)",
				);
				GCC_WARN_64_TO_32_BIT_CONVERSION = YES;
				GCC_WARN_ABOUT_RETURN_TYPE = YES_ERROR;
				GCC_WARN_UNDECLARED_SELECTOR = YES;
				GCC_WARN_UNINITIALIZED_AUTOS = YES_AGGRESSIVE;
				GCC_WARN_UNUSED_FUNCTION = YES;
				GCC_WARN_UNUSED_VARIABLE = YES;
				IPHONEOS_DEPLOYMENT_TARGET = 9.1;
				MTL_ENABLE_DEBUG_INFO = YES;
				ONLY_ACTIVE_ARCH = YES;
				SDKROOT = iphoneos;
				SWIFT_OPTIMIZATION_LEVEL = "-Onone";
			};
			name = Debug;
		};
		CA3AF4381E6B0B82009183A1 /* Release */ = {
			isa = XCBuildConfiguration;
			buildSettings = {
				ALWAYS_SEARCH_USER_PATHS = NO;
				CLANG_CXX_LANGUAGE_STANDARD = "gnu++0x";
				CLANG_CXX_LIBRARY = "libc++";
				CLANG_ENABLE_MODULES = YES;
				CLANG_ENABLE_OBJC_ARC = YES;
				CLANG_WARN_BOOL_CONVERSION = YES;
				CLANG_WARN_CONSTANT_CONVERSION = YES;
				CLANG_WARN_DIRECT_OBJC_ISA_USAGE = YES_ERROR;
				CLANG_WARN_EMPTY_BODY = YES;
				CLANG_WARN_ENUM_CONVERSION = YES;
				CLANG_WARN_INT_CONVERSION = YES;
				CLANG_WARN_OBJC_ROOT_CLASS = YES_ERROR;
				CLANG_WARN_UNREACHABLE_CODE = YES;
				CLANG_WARN__DUPLICATE_METHOD_MATCH = YES;
				"CODE_SIGN_IDENTITY[sdk=iphoneos*]" = "iPhone Developer";
				COPY_PHASE_STRIP = NO;
				DEBUG_INFORMATION_FORMAT = "dwarf-with-dsym";
				ENABLE_NS_ASSERTIONS = NO;
				ENABLE_STRICT_OBJC_MSGSEND = YES;
				GCC_C_LANGUAGE_STANDARD = gnu99;
				GCC_NO_COMMON_BLOCKS = YES;
				GCC_WARN_64_TO_32_BIT_CONVERSION = YES;
				GCC_WARN_ABOUT_RETURN_TYPE = YES_ERROR;
				GCC_WARN_UNDECLARED_SELECTOR = YES;
				GCC_WARN_UNINITIALIZED_AUTOS = YES_AGGRESSIVE;
				GCC_WARN_UNUSED_FUNCTION = YES;
				GCC_WARN_UNUSED_VARIABLE = YES;
				IPHONEOS_DEPLOYMENT_TARGET = 9.1;
				MTL_ENABLE_DEBUG_INFO = NO;
				SDKROOT = iphoneos;
				VALIDATE_PRODUCT = YES;
			};
			name = Release;
		};
		CA3AF43A1E6B0B82009183A1 /* Debug */ = {
			isa = XCBuildConfiguration;
			buildSettings = {
				ASSETCATALOG_COMPILER_APPICON_NAME = AppIcon;
				INFOPLIST_FILE = swift/Info.plist;
				LD_RUNPATH_SEARCH_PATHS = "$(inherited) @executable_path/Frameworks";
				PRODUCT_BUNDLE_IDENTIFIER = dj.swift;
				PRODUCT_NAME = "$(TARGET_NAME)";
			};
			name = Debug;
		};
		CA3AF43B1E6B0B82009183A1 /* Release */ = {
			isa = XCBuildConfiguration;
			buildSettings = {
				ASSETCATALOG_COMPILER_APPICON_NAME = AppIcon;
				INFOPLIST_FILE = swift/Info.plist;
				LD_RUNPATH_SEARCH_PATHS = "$(inherited) @executable_path/Frameworks";
				PRODUCT_BUNDLE_IDENTIFIER = dj.swift;
				PRODUCT_NAME = "$(TARGET_NAME)";
			};
			name = Release;
		};
/* End XCBuildConfiguration section */

/* Begin XCConfigurationList section */
		CA3AF4221E6B0B82009183A1 /* Build configuration list for PBXProject "swift" */ = {
			isa = XCConfigurationList;
			buildConfigurations = (
				CA3AF4371E6B0B82009183A1 /* Debug */,
				CA3AF4381E6B0B82009183A1 /* Release */,
			);
			defaultConfigurationIsVisible = 0;
			defaultConfigurationName = Release;
		};
		CA3AF4391E6B0B82009183A1 /* Build configuration list for PBXNativeTarget "swift" */ = {
			isa = XCConfigurationList;
			buildConfigurations = (
				CA3AF43A1E6B0B82009183A1 /* Debug */,
				CA3AF43B1E6B0B82009183A1 /* Release */,
			);
			defaultConfigurationIsVisible = 0;
		};
/* End XCConfigurationList section */
	};
	rootObject = CA3AF41F1E6B0B81009183A1 /* Project object */;
}
